
Microsoft Visual Studio Solution File, Format Version 12.00
# Visual Studio Version 17
VisualStudioVersion = 17.8.34330.188
MinimumVisualStudioVersion = 10.0.40219.1
Project("{9A19103F-16F7-4668-BE54-9A1E7A4F7556}") = "WinFormsGame", "WinFormsGame.csproj", "{E9A73AFC-64DE-485B-9A63-12046B130D00}"
EndProject
Project("{2150E333-8FDC-42A3-9474-1A3956D46DE8}") = "Solution Items", "Solution Items", "{EFF0A4C8-D580-46EF-9320-D96F0135F3C1}"
	ProjectSection(SolutionItems) = preProject
		.editorconfig = .editorconfig
	EndProjectSection
EndProject
Global
	GlobalSection(SolutionConfigurationPlatforms) = preSolution
		Debug|Any CPU = Debug|Any CPU
		Release|Any CPU = Release|Any CPU
	EndGlobalSection
	GlobalSection(ProjectConfigurationPlatforms) = postSolution
		{E9A73AFC-64DE-485B-9A63-12046B130D00}.Debug|Any CPU.ActiveCfg = Debug|Any CPU
		{E9A73AFC-64DE-485B-9A63-12046B130D00}.Debug|Any CPU.Build.0 = Debug|Any CPU
		{E9A73AFC-64DE-485B-9A63-12046B130D00}.Release|Any CPU.ActiveCfg = Release|Any CPU
		{E9A73AFC-64DE-485B-9A63-12046B130D00}.Release|Any CPU.Build.0 = Release|Any CPU
	EndGlobalSection
	GlobalSection(SolutionProperties) = preSolution
		HideSolutionNode = FALSE
	EndGlobalSection
	GlobalSection(ExtensibilityGlobals) = postSolution
		SolutionGuid = {6BC6C8FD-0E2F-4A1B-BF9F-39B582DD2170}
	EndGlobalSection
EndGlobal
